
Microsoft Visual Studio Solution File, Format Version 12.00
# Visual Studio Version 16
VisualStudioVersion = 16.0.29409.12
MinimumVisualStudioVersion = 10.0.40219.1
Project("{FAE04EC0-301F-11D3-BF4B-00C04F79EFBC}") = "ZohoCRMWebApp", "ZohoCRMWebApp\ZohoCRMWebApp.csproj", "{2884056E-C67D-4825-81D8-703D17400EAC}"
EndProject
Global
	GlobalSection(SolutionConfigurationPlatforms) = preSolution
		Debug|Any CPU = Debug|Any CPU
		Release|Any CPU = Release|Any CPU
	EndGlobalSection
	GlobalSection(ProjectConfigurationPlatforms) = postSolution
		{2884056E-C67D-4825-81D8-703D17400EAC}.Debug|Any CPU.ActiveCfg = Debug|Any CPU
		{2884056E-C67D-4825-81D8-703D17400EAC}.Debug|Any CPU.Build.0 = Debug|Any CPU
		{2884056E-C67D-4825-81D8-703D17400EAC}.Release|Any CPU.ActiveCfg = Release|Any CPU
		{2884056E-C67D-4825-81D8-703D17400EAC}.Release|Any CPU.Build.0 = Release|Any CPU
	EndGlobalSection
	GlobalSection(SolutionProperties) = preSolution
		HideSolutionNode = FALSE
	EndGlobalSection
	GlobalSection(ExtensibilityGlobals) = postSolution
		SolutionGuid = {28A24C9F-C06F-4AF2-AFAD-007B3820849D}
	EndGlobalSection
EndGlobal
